
Microsoft Visual Studio Solution File, Format Version 12.00
# Visual Studio Version 17
VisualStudioVersion = 17.0.31903.59
MinimumVisualStudioVersion = 10.0.40219.1
Project("{FAE04EC0-301F-11D3-BF4B-00C04F79EFBC}") = "Server", "Server\Server.csproj", "{F9B8A3B6-FBAC-4FB6-AE01-960C5F38FD31}"
EndProject
Project("{FAE04EC0-301F-11D3-BF4B-00C04F79EFBC}") = "Client.VP8.Net", "Client.VP8.Net\Client.VP8.Net.csproj", "{3A0B9556-9F46-4C5B-8560-337B900891BC}"
EndProject
Project("{FAE04EC0-301F-11D3-BF4B-00C04F79EFBC}") = "Client", "Client\Client.csproj", "{849D219A-2F2C-4110-AC57-6015FD39A73D}"
EndProject
Global
    GlobalSection(SolutionConfigurationPlatforms) = preSolution
        Debug|Any CPU = Debug|Any CPU
        Release|Any CPU = Release|Any CPU
    EndGlobalSection
    GlobalSection(SolutionProperties) = preSolution
        HideSolutionNode = FALSE
    EndGlobalSection
    GlobalSection(ProjectConfigurationPlatforms) = postSolution
        {F9B8A3B6-FBAC-4FB6-AE01-960C5F38FD31}.Debug|Any CPU.ActiveCfg = Debug|Any CPU
        {F9B8A3B6-FBAC-4FB6-AE01-960C5F38FD31}.Debug|Any CPU.Build.0 = Debug|Any CPU
        {F9B8A3B6-FBAC-4FB6-AE01-960C5F38FD31}.Release|Any CPU.ActiveCfg = Release|Any CPU
        {F9B8A3B6-FBAC-4FB6-AE01-960C5F38FD31}.Release|Any CPU.Build.0 = Release|Any CPU
        {3A0B9556-9F46-4C5B-8560-337B900891BC}.Debug|Any CPU.ActiveCfg = Debug|Any CPU
        {3A0B9556-9F46-4C5B-8560-337B900891BC}.Debug|Any CPU.Build.0 = Debug|Any CPU
        {3A0B9556-9F46-4C5B-8560-337B900891BC}.Release|Any CPU.ActiveCfg = Release|Any CPU
        {3A0B9556-9F46-4C5B-8560-337B900891BC}.Release|Any CPU.Build.0 = Release|Any CPU
        {849D219A-2F2C-4110-AC57-6015FD39A73D}.Debug|Any CPU.ActiveCfg = Debug|Any CPU
        {849D219A-2F2C-4110-AC57-6015FD39A73D}.Debug|Any CPU.Build.0 = Debug|Any CPU
        {849D219A-2F2C-4110-AC57-6015FD39A73D}.Release|Any CPU.ActiveCfg = Release|Any CPU
        {849D219A-2F2C-4110-AC57-6015FD39A73D}.Release|Any CPU.Build.0 = Release|Any CPU
    EndGlobalSection
EndGlobal
